
Microsoft Visual Studio Solution File, Format Version 12.00
# Visual Studio Version 17
VisualStudioVersion = 17.4.33015.44
MinimumVisualStudioVersion = 10.0.40219.1
Project("{FAE04EC0-301F-11D3-BF4B-00C04F79EFBC}") = "ToDoItems.Ingress.API", "ToDoItems.Ingress.API\ToDoItems.Ingress.API.csproj", "{38382ADB-6363-43A8-B575-45457F1B6B63}"
EndProject
Project("{FAE04EC0-301F-11D3-BF4B-00C04F79EFBC}") = "ToDoItems.Common", "ToDoItems.Common\ToDoItems.Common.csproj", "{D87B1F68-0071-4D33-A631-E6BFFA545E9A}"
EndProject
Project("{FAE04EC0-301F-11D3-BF4B-00C04F79EFBC}") = "ToDoItems.SericeBus.Worker", "ToDoItems.SericeBus.Worker\ToDoItems.SericeBus.Worker.csproj", "{9B819939-1D45-4039-8AC4-8012777BDA52}"
EndProject
Global
	GlobalSection(SolutionConfigurationPlatforms) = preSolution
		Debug|Any CPU = Debug|Any CPU
		Release|Any CPU = Release|Any CPU
	EndGlobalSection
	GlobalSection(ProjectConfigurationPlatforms) = postSolution
		{38382ADB-6363-43A8-B575-45457F1B6B63}.Debug|Any CPU.ActiveCfg = Debug|Any CPU
		{38382ADB-6363-43A8-B575-45457F1B6B63}.Debug|Any CPU.Build.0 = Debug|Any CPU
		{38382ADB-6363-43A8-B575-45457F1B6B63}.Release|Any CPU.ActiveCfg = Release|Any CPU
		{38382ADB-6363-43A8-B575-45457F1B6B63}.Release|Any CPU.Build.0 = Release|Any CPU
		{D87B1F68-0071-4D33-A631-E6BFFA545E9A}.Debug|Any CPU.ActiveCfg = Debug|Any CPU
		{D87B1F68-0071-4D33-A631-E6BFFA545E9A}.Debug|Any CPU.Build.0 = Debug|Any CPU
		{D87B1F68-0071-4D33-A631-E6BFFA545E9A}.Release|Any CPU.ActiveCfg = Release|Any CPU
		{D87B1F68-0071-4D33-A631-E6BFFA545E9A}.Release|Any CPU.Build.0 = Release|Any CPU
		{9B819939-1D45-4039-8AC4-8012777BDA52}.Debug|Any CPU.ActiveCfg = Debug|Any CPU
		{9B819939-1D45-4039-8AC4-8012777BDA52}.Debug|Any CPU.Build.0 = Debug|Any CPU
		{9B819939-1D45-4039-8AC4-8012777BDA52}.Release|Any CPU.ActiveCfg = Release|Any CPU
		{9B819939-1D45-4039-8AC4-8012777BDA52}.Release|Any CPU.Build.0 = Release|Any CPU
	EndGlobalSection
	GlobalSection(SolutionProperties) = preSolution
		HideSolutionNode = FALSE
	EndGlobalSection
	GlobalSection(ExtensibilityGlobals) = postSolution
		SolutionGuid = {885A212F-CD4A-4796-9A81-617C0BA833B3}
	EndGlobalSection
EndGlobal
